
Microsoft Visual Studio Solution File, Format Version 12.00
Project("{FAE04EC0-301F-11D3-BF4B-00C04F79EFBC}") = "DataImporter", "DataImporter\DataImporter.csproj", "{C82C2063-0B31-475F-B209-73FC1F5782F5}"
EndProject
Global
	GlobalSection(SolutionConfigurationPlatforms) = preSolution
		Debug|Any CPU = Debug|Any CPU
		Release|Any CPU = Release|Any CPU
	EndGlobalSection
	GlobalSection(ProjectConfigurationPlatforms) = postSolution
		{C82C2063-0B31-475F-B209-73FC1F5782F5}.Debug|Any CPU.ActiveCfg = Debug|Any CPU
		{C82C2063-0B31-475F-B209-73FC1F5782F5}.Debug|Any CPU.Build.0 = Debug|Any CPU
		{C82C2063-0B31-475F-B209-73FC1F5782F5}.Release|Any CPU.ActiveCfg = Release|Any CPU
		{C82C2063-0B31-475F-B209-73FC1F5782F5}.Release|Any CPU.Build.0 = Release|Any CPU
	EndGlobalSection
EndGlobal
